// !$*UTF8*$!
{
	archiveVersion = 1;
	classes = {
	};
	objectVersion = 56;
	objects = {

/* Begin PBXBuildFile section */
		0806604829DE9CA600873640 /* BMI.swift in Sources */ = {isa = PBXBuildFile; fileRef = 0806604729DE9CA600873640 /* BMI.swift */; };
		0808507F29DD1FC1009A58CA /* AppDelegate.swift in Sources */ = {isa = PBXBuildFile; fileRef = 0808507E29DD1FC1009A58CA /* AppDelegate.swift */; };
		0808508129DD1FC1009A58CA /* SceneDelegate.swift in Sources */ = {isa = PBXBuildFile; fileRef = 0808508029DD1FC1009A58CA /* SceneDelegate.swift */; };
		0808508329DD1FC1009A58CA /* ViewController.swift in Sources */ = {isa = PBXBuildFile; fileRef = 0808508229DD1FC1009A58CA /* ViewController.swift */; };
		0808508629DD1FC1009A58CA /* Main.storyboard in Resources */ = {isa = PBXBuildFile; fileRef = 0808508429DD1FC1009A58CA /* Main.storyboard */; };
		0808508829DD1FC3009A58CA /* Assets.xcassets in Resources */ = {isa = PBXBuildFile; fileRef = 0808508729DD1FC3009A58CA /* Assets.xcassets */; };
		0808508B29DD1FC3009A58CA /* LaunchScreen.storyboard in Resources */ = {isa = PBXBuildFile; fileRef = 0808508929DD1FC3009A58CA /* LaunchScreen.storyboard */; };
		0808509329DD3191009A58CA /* SecondViewController.swift in Sources */ = {isa = PBXBuildFile; fileRef = 0808509229DD3191009A58CA /* SecondViewController.swift */; };
		0854713A29DEE2AB00B5D890 /* TestViewController.swift in Sources */ = {isa = PBXBuildFile; fileRef = 0854713929DEE2AB00B5D890 /* TestViewController.swift */; };
		085AFAC929DDA7D6009C3244 /* BMICalculateManager.swift in Sources */ = {isa = PBXBuildFile; fileRef = 085AFAC829DDA7D6009C3244 /* BMICalculateManager.swift */; };
/* End PBXBuildFile section */

/* Begin PBXFileReference section */
		0806604729DE9CA600873640 /* BMI.swift */ = {isa = PBXFileReference; lastKnownFileType = sourcecode.swift; path = BMI.swift; sourceTree = "<group>"; };
		0808507B29DD1FC1009A58CA /* BMITest.app */ = {isa = PBXFileReference; explicitFileType = wrapper.application; includeInIndex = 0; path = BMITest.app; sourceTree = BUILT_PRODUCTS_DIR; };
		0808507E29DD1FC1009A58CA /* AppDelegate.swift */ = {isa = PBXFileReference; lastKnownFileType = sourcecode.swift; path = AppDelegate.swift; sourceTree = "<group>"; };
		0808508029DD1FC1009A58CA /* SceneDelegate.swift */ = {isa = PBXFileReference; lastKnownFileType = sourcecode.swift; path = SceneDelegate.swift; sourceTree = "<group>"; };
		0808508229DD1FC1009A58CA /* ViewController.swift */ = {isa = PBXFileReference; lastKnownFileType = sourcecode.swift; path = ViewController.swift; sourceTree = "<group>"; };
		0808508529DD1FC1009A58CA /* Base */ = {isa = PBXFileReference; lastKnownFileType = file.storyboard; name = Base; path = Base.lproj/Main.storyboard; sourceTree = "<group>"; };
		0808508729DD1FC3009A58CA /* Assets.xcassets */ = {isa = PBXFileReference; lastKnownFileType = folder.assetcatalog; path = Assets.xcassets; sourceTree = "<group>"; };
		0808508A29DD1FC3009A58CA /* Base */ = {isa = PBXFileReference; lastKnownFileType = file.storyboard; name = Base; path = Base.lproj/LaunchScreen.storyboard; sourceTree = "<group>"; };
		0808508C29DD1FC3009A58CA /* Info.plist */ = {isa = PBXFileReference; lastKnownFileType = text.plist.xml; path = Info.plist; sourceTree = "<group>"; };
		0808509229DD3191009A58CA /* SecondViewController.swift */ = {isa = PBXFileReference; lastKnownFileType = sourcecode.swift; path = SecondViewController.swift; sourceTree = "<group>"; };
		0854713929DEE2AB00B5D890 /* TestViewController.swift */ = {isa = PBXFileReference; lastKnownFileType = sourcecode.swift; path = TestViewController.swift; sourceTree = "<group>"; };
		085AFAC829DDA7D6009C3244 /* BMICalculateManager.swift */ = {isa = PBXFileReference; lastKnownFileType = sourcecode.swift; path = BMICalculateManager.swift; sourceTree = "<group>"; };
/* End PBXFileReference section */

/* Begin PBXFrameworksBuildPhase section */
		0808507829DD1FC1009A58CA /* Frameworks */ = {
			isa = PBXFrameworksBuildPhase;
			buildActionMask = 2147483647;
			files = (
			);
			runOnlyForDeploymentPostprocessing = 0;
		};
/* End PBXFrameworksBuildPhase section */

/* Begin PBXGroup section */
		0808507229DD1FC1009A58CA = {
			isa = PBXGroup;
			children = (
				0808507D29DD1FC1009A58CA /* BMITest */,
				0808507C29DD1FC1009A58CA /* Products */,
			);
			sourceTree = "<group>";
		};
		0808507C29DD1FC1009A58CA /* Products */ = {
			isa = PBXGroup;
			children = (
				0808507B29DD1FC1009A58CA /* BMITest.app */,
			);
			name = Products;
			sourceTree = "<group>";
		};
		0808507D29DD1FC1009A58CA /* BMITest */ = {
			isa = PBXGroup;
			children = (
				0808507E29DD1FC1009A58CA /* AppDelegate.swift */,
				0808508029DD1FC1009A58CA /* SceneDelegate.swift */,
				085AFAC529DDA642009C3244 /* Models */,
				085AFAC629DDA678009C3244 /* Views */,
				085AFAC729DDA680009C3244 /* Controllers */,
				0808508729DD1FC3009A58CA /* Assets.xcassets */,
				0808508929DD1FC3009A58CA /* LaunchScreen.storyboard */,
				0808508C29DD1FC3009A58CA /* Info.plist */,
				0854713929DEE2AB00B5D890 /* TestViewController.swift */,
			);
			path = BMITest;
			sourceTree = "<group>";
		};
		085AFAC529DDA642009C3244 /* Models */ = {
			isa = PBXGroup;
			children = (
				0806604729DE9CA600873640 /* BMI.swift */,
				085AFAC829DDA7D6009C3244 /* BMICalculateManager.swift */,
			);
			path = Models;
			sourceTree = "<group>";
		};
		085AFAC629DDA678009C3244 /* Views */ = {
			isa = PBXGroup;
			children = (
				0808508429DD1FC1009A58CA /* Main.storyboard */,
			);
			path = Views;
			sourceTree = "<group>";
		};
		085AFAC729DDA680009C3244 /* Controllers */ = {
			isa = PBXGroup;
			children = (
				0808508229DD1FC1009A58CA /* ViewController.swift */,
				0808509229DD3191009A58CA /* SecondViewController.swift */,
			);
			path = Controllers;
			sourceTree = "<group>";
		};
/* End PBXGroup section */

/* Begin PBXNativeTarget section */
		0808507A29DD1FC1009A58CA /* BMITest */ = {
			isa = PBXNativeTarget;
			buildConfigurationList = 0808508F29DD1FC3009A58CA /* Build configuration list for PBXNativeTarget "BMITest" */;
			buildPhases = (
				0808507729DD1FC1009A58CA /* Sources */,
				0808507829DD1FC1009A58CA /* Frameworks */,
				0808507929DD1FC1009A58CA /* Resources */,
			);
			buildRules = (
			);
			dependencies = (
			);
			name = BMITest;
			productName = BMITest;
			productReference = 0808507B29DD1FC1009A58CA /* BMITest.app */;
			productType = "com.apple.product-type.application";
		};
/* End PBXNativeTarget section */

/* Begin PBXProject section */
		0808507329DD1FC1009A58CA /* Project object */ = {
			isa = PBXProject;
			attributes = {
				BuildIndependentTargetsInParallel = 1;
				LastSwiftUpdateCheck = 1430;
				LastUpgradeCheck = 1430;
				TargetAttributes = {
					0808507A29DD1FC1009A58CA = {
						CreatedOnToolsVersion = 14.3;
					};
				};
			};
			buildConfigurationList = 0808507629DD1FC1009A58CA /* Build configuration list for PBXProject "BMITest" */;
			compatibilityVersion = "Xcode 14.0";
			developmentRegion = en;
			hasScannedForEncodings = 0;
			knownRegions = (
				en,
				Base,
			);
			mainGroup = 0808507229DD1FC1009A58CA;
			productRefGroup = 0808507C29DD1FC1009A58CA /* Products */;
			projectDirPath = "";
			projectRoot = "";
			targets = (
				0808507A29DD1FC1009A58CA /* BMITest */,
			);
		};
/* End PBXProject section */

/* Begin PBXResourcesBuildPhase section */
		0808507929DD1FC1009A58CA /* Resources */ = {
			isa = PBXResourcesBuildPhase;
			buildActionMask = 2147483647;
			files = (
				0808508B29DD1FC3009A58CA /* LaunchScreen.storyboard in Resources */,
				0808508829DD1FC3009A58CA /* Assets.xcassets in Resources */,
				0808508629DD1FC1009A58CA /* Main.storyboard in Resources */,
			);
			runOnlyForDeploymentPostprocessing = 0;
		};
/* End PBXResourcesBuildPhase section */

/* Begin PBXSourcesBuildPhase section */
		0808507729DD1FC1009A58CA /* Sources */ = {
			isa = PBXSourcesBuildPhase;
			buildActionMask = 2147483647;
			files = (
				0854713A29DEE2AB00B5D890 /* TestViewController.swift in Sources */,
				0808509329DD3191009A58CA /* SecondViewController.swift in Sources */,
				0808508329DD1FC1009A58CA /* ViewController.swift in Sources */,
				0806604829DE9CA600873640 /* BMI.swift in Sources */,
				0808507F29DD1FC1009A58CA /* AppDelegate.swift in Sources */,
				0808508129DD1FC1009A58CA /* SceneDelegate.swift in Sources */,
				085AFAC929DDA7D6009C3244 /* BMICalculateManager.swift in Sources */,
			);
			runOnlyForDeploymentPostprocessing = 0;
		};
/* End PBXSourcesBuildPhase section */

/* Begin PBXVariantGroup section */
		0808508429DD1FC1009A58CA /* Main.storyboard */ = {
			isa = PBXVariantGroup;
			children = (
				0808508529DD1FC1009A58CA /* Base */,
			);
			name = Main.storyboard;
			sourceTree = "<group>";
		};
		0808508929DD1FC3009A58CA /* LaunchScreen.storyboard */ = {
			isa = PBXVariantGroup;
			children = (
				0808508A29DD1FC3009A58CA /* Base */,
			);
			name = LaunchScreen.storyboard;
			sourceTree = "<group>";
		};
/* End PBXVariantGroup section */

/* Begin XCBuildConfiguration section */
		0808508D29DD1FC3009A58CA /* Debug */ = {
			isa = XCBuildConfiguration;
			buildSettings = {
				ALWAYS_SEARCH_USER_PATHS = NO;
				CLANG_ANALYZER_NONNULL = YES;
				CLANG_ANALYZER_NUMBER_OBJECT_CONVERSION = YES_AGGRESSIVE;
				CLANG_CXX_LANGUAGE_STANDARD = "gnu++20";
				CLANG_ENABLE_MODULES = YES;
				CLANG_ENABLE_OBJC_ARC = YES;
				CLANG_ENABLE_OBJC_WEAK = YES;
				CLANG_WARN_BLOCK_CAPTURE_AUTORELEASING = YES;
				CLANG_WARN_BOOL_CONVERSION = YES;
				CLANG_WARN_COMMA = YES;
				CLANG_WARN_CONSTANT_CONVERSION = YES;
				CLANG_WARN_DEPRECATED_OBJC_IMPLEMENTATIONS = YES;
				CLANG_WARN_DIRECT_OBJC_ISA_USAGE = YES_ERROR;
				CLANG_WARN_DOCUMENTATION_COMMENTS = YES;
				CLANG_WARN_EMPTY_BODY = YES;
				CLANG_WARN_ENUM_CONVERSION = YES;
				CLANG_WARN_INFINITE_RECURSION = YES;
				CLANG_WARN_INT_CONVERSION = YES;
				CLANG_WARN_NON_LITERAL_NULL_CONVERSION = YES;
				CLANG_WARN_OBJC_IMPLICIT_RETAIN_SELF = YES;
				CLANG_WARN_OBJC_LITERAL_CONVERSION = YES;
				CLANG_WARN_OBJC_ROOT_CLASS = YES_ERROR;
				CLANG_WARN_QUOTED_INCLUDE_IN_FRAMEWORK_HEADER = YES;
				CLANG_WARN_RANGE_LOOP_ANALYSIS = YES;
				CLANG_WARN_STRICT_PROTOTYPES = YES;
				CLANG_WARN_SUSPICIOUS_MOVE = YES;
				CLANG_WARN_UNGUARDED_AVAILABILITY = YES_AGGRESSIVE;
				CLANG_WARN_UNREACHABLE_CODE = YES;
				CLANG_WARN__DUPLICATE_METHOD_MATCH = YES;
				COPY_PHASE_STRIP = NO;
				DEBUG_INFORMATION_FORMAT = dwarf;
				ENABLE_STRICT_OBJC_MSGSEND = YES;
				ENABLE_TESTABILITY = YES;
				GCC_C_LANGUAGE_STANDARD = gnu11;
				GCC_DYNAMIC_NO_PIC = NO;
				GCC_NO_COMMON_BLOCKS = YES;
				GCC_OPTIMIZATION_LEVEL = 0;
				GCC_PREPROCESSOR_DEFINITIONS = (
					"DEBUG=1",
					"$(inherited)",
				);
				GCC_WARN_64_TO_32_BIT_CONVERSION = YES;
				GCC_WARN_ABOUT_RETURN_TYPE = YES_ERROR;
				GCC_WARN_UNDECLARED_SELECTOR = YES;
				GCC_WARN_UNINITIALIZED_AUTOS = YES_AGGRESSIVE;
				GCC_WARN_UNUSED_FUNCTION = YES;
				GCC_WARN_UNUSED_VARIABLE = YES;
				IPHONEOS_DEPLOYMENT_TARGET = 16.4;
				MTL_ENABLE_DEBUG_INFO = INCLUDE_SOURCE;
				MTL_FAST_MATH = YES;
				ONLY_ACTIVE_ARCH = YES;
				SDKROOT = iphoneos;
				SWIFT_ACTIVE_COMPILATION_CONDITIONS = DEBUG;
				SWIFT_OPTIMIZATION_LEVEL = "-Onone";
			};
			name = Debug;
		};
		0808508E29DD1FC3009A58CA /* Release */ = {
			isa = XCBuildConfiguration;
			buildSettings = {
				ALWAYS_SEARCH_USER_PATHS = NO;
				CLANG_ANALYZER_NONNULL = YES;
				CLANG_ANALYZER_NUMBER_OBJECT_CONVERSION = YES_AGGRESSIVE;
				CLANG_CXX_LANGUAGE_STANDARD = "gnu++20";
				CLANG_ENABLE_MODULES = YES;
				CLANG_ENABLE_OBJC_ARC = YES;
				CLANG_ENABLE_OBJC_WEAK = YES;
				CLANG_WARN_BLOCK_CAPTURE_AUTORELEASING = YES;
				CLANG_WARN_BOOL_CONVERSION = YES;
				CLANG_WARN_COMMA = YES;
				CLANG_WARN_CONSTANT_CONVERSION = YES;
				CLANG_WARN_DEPRECATED_OBJC_IMPLEMENTATIONS = YES;
				CLANG_WARN_DIRECT_OBJC_ISA_USAGE = YES_ERROR;
				CLANG_WARN_DOCUMENTATION_COMMENTS = YES;
				CLANG_WARN_EMPTY_BODY = YES;
				CLANG_WARN_ENUM_CONVERSION = YES;
				CLANG_WARN_INFINITE_RECURSION = YES;
				CLANG_WARN_INT_CONVERSION = YES;
				CLANG_WARN_NON_LITERAL_NULL_CONVERSION = YES;
				CLANG_WARN_OBJC_IMPLICIT_RETAIN_SELF = YES;
				CLANG_WARN_OBJC_LITERAL_CONVERSION = YES;
				CLANG_WARN_OBJC_ROOT_CLASS = YES_ERROR;
				CLANG_WARN_QUOTED_INCLUDE_IN_FRAMEWORK_HEADER = YES;
				CLANG_WARN_RANGE_LOOP_ANALYSIS = YES;
				CLANG_WARN_STRICT_PROTOTYPES = YES;
				CLANG_WARN_SUSPICIOUS_MOVE = YES;
				CLANG_WARN_UNGUARDED_AVAILABILITY = YES_AGGRESSIVE;
				CLANG_WARN_UNREACHABLE_CODE = YES;
				CLANG_WARN__DUPLICATE_METHOD_MATCH = YES;
				COPY_PHASE_STRIP = NO;
				DEBUG_INFORMATION_FORMAT = "dwarf-with-dsym";
				ENABLE_NS_ASSERTIONS = NO;
				ENABLE_STRICT_OBJC_MSGSEND = YES;
				GCC_C_LANGUAGE_STANDARD = gnu11;
				GCC_NO_COMMON_BLOCKS = YES;
				GCC_WARN_64_TO_32_BIT_CONVERSION = YES;
				GCC_WARN_ABOUT_RETURN_TYPE = YES_ERROR;
				GCC_WARN_UNDECLARED_SELECTOR = YES;
				GCC_WARN_UNINITIALIZED_AUTOS = YES_AGGRESSIVE;
				GCC_WARN_UNUSED_FUNCTION = YES;
				GCC_WARN_UNUSED_VARIABLE = YES;
				IPHONEOS_DEPLOYMENT_TARGET = 16.4;
				MTL_ENABLE_DEBUG_INFO = NO;
				MTL_FAST_MATH = YES;
				SDKROOT = iphoneos;
				SWIFT_COMPILATION_MODE = wholemodule;
				SWIFT_OPTIMIZATION_LEVEL = "-O";
				VALIDATE_PRODUCT = YES;
			};
			name = Release;
		};
		0808509029DD1FC3009A58CA /* Debug */ = {
			isa = XCBuildConfiguration;
			buildSettings = {
				ASSETCATALOG_COMPILER_APPICON_NAME = AppIcon;
				ASSETCATALOG_COMPILER_GLOBAL_ACCENT_COLOR_NAME = AccentColor;
				CODE_SIGN_STYLE = Automatic;
				CURRENT_PROJECT_VERSION = 1;
				GENERATE_INFOPLIST_FILE = YES;
				INFOPLIST_FILE = BMITest/Info.plist;
				INFOPLIST_KEY_UIApplicationSupportsIndirectInputEvents = YES;
				INFOPLIST_KEY_UILaunchStoryboardName = LaunchScreen;
				INFOPLIST_KEY_UIMainStoryboardFile = Main;
				INFOPLIST_KEY_UISupportedInterfaceOrientations = UIInterfaceOrientationPortrait;
				INFOPLIST_KEY_UISupportedInterfaceOrientations_iPad = "UIInterfaceOrientationLandscapeLeft UIInterfaceOrientationLandscapeRight UIInterfaceOrientationPortrait UIInterfaceOrientationPortraitUpsideDown";
				IPHONEOS_DEPLOYMENT_TARGET = 13.0;
				LD_RUNPATH_SEARCH_PATHS = (
					"$(inherited)",
					"@executable_path/Frameworks",
				);
				MARKETING_VERSION = 1.0;
				PRODUCT_BUNDLE_IDENTIFIER = com.coupang.BMITest;
				PRODUCT_NAME = "$(TARGET_NAME)";
				SUPPORTED_PLATFORMS = "iphoneos iphonesimulator";
				SUPPORTS_MACCATALYST = NO;
				SUPPORTS_MAC_DESIGNED_FOR_IPHONE_IPAD = NO;
				SWIFT_EMIT_LOC_STRINGS = YES;
				SWIFT_VERSION = 5.0;
				TARGETED_DEVICE_FAMILY = 1;
			};
			name = Debug;
		};
		0808509129DD1FC3009A58CA /* Release */ = {
			isa = XCBuildConfiguration;
			buildSettings = {
				ASSETCATALOG_COMPILER_APPICON_NAME = AppIcon;
				ASSETCATALOG_COMPILER_GLOBAL_ACCENT_COLOR_NAME = AccentColor;
				CODE_SIGN_STYLE = Automatic;
				CURRENT_PROJECT_VERSION = 1;
				GENERATE_INFOPLIST_FILE = YES;
				INFOPLIST_FILE = BMITest/Info.plist;
				INFOPLIST_KEY_UIApplicationSupportsIndirectInputEvents = YES;
				INFOPLIST_KEY_UILaunchStoryboardName = LaunchScreen;
				INFOPLIST_KEY_UIMainStoryboardFile = Main;
				INFOPLIST_KEY_UISupportedInterfaceOrientations = UIInterfaceOrientationPortrait;
				INFOPLIST_KEY_UISupportedInterfaceOrientations_iPad = "UIInterfaceOrientationLandscapeLeft UIInterfaceOrientationLandscapeRight UIInterfaceOrientationPortrait UIInterfaceOrientationPortraitUpsideDown";
				IPHONEOS_DEPLOYMENT_TARGET = 13.0;
				LD_RUNPATH_SEARCH_PATHS = (
					"$(inherited)",
					"@executable_path/Frameworks",
				);
				MARKETING_VERSION = 1.0;
				PRODUCT_BUNDLE_IDENTIFIER = com.coupang.BMITest;
				PRODUCT_NAME = "$(TARGET_NAME)";
				SUPPORTED_PLATFORMS = "iphoneos iphonesimulator";
				SUPPORTS_MACCATALYST = NO;
				SUPPORTS_MAC_DESIGNED_FOR_IPHONE_IPAD = NO;
				SWIFT_EMIT_LOC_STRINGS = YES;
				SWIFT_VERSION = 5.0;
				TARGETED_DEVICE_FAMILY = 1;
			};
			name = Release;
		};
/* End XCBuildConfiguration section */

/* Begin XCConfigurationList section */
		0808507629DD1FC1009A58CA /* Build configuration list for PBXProject "BMITest" */ = {
			isa = XCConfigurationList;
			buildConfigurations = (
				0808508D29DD1FC3009A58CA /* Debug */,
				0808508E29DD1FC3009A58CA /* Release */,
			);
			defaultConfigurationIsVisible = 0;
			defaultConfigurationName = Release;
		};
		0808508F29DD1FC3009A58CA /* Build configuration list for PBXNativeTarget "BMITest" */ = {
			isa = XCConfigurationList;
			buildConfigurations = (
				0808509029DD1FC3009A58CA /* Debug */,
				0808509129DD1FC3009A58CA /* Release */,
			);
			defaultConfigurationIsVisible = 0;
			defaultConfigurationName = Release;
		};
/* End XCConfigurationList section */
	};
	rootObject = 0808507329DD1FC1009A58CA /* Project object */;
}
